// !$*UTF8*$!
{
	archiveVersion = 1;
	classes = {
	};
	objectVersion = 55;
	objects = {

/* Begin PBXBuildFile section */
		5173410B28505EFC003052FB /* FirebaseAnalytics in Frameworks */ = {isa = PBXBuildFile; productRef = 5173410A28505EFC003052FB /* FirebaseAnalytics */; };
		5173410D28505EFC003052FB /* FirebaseAuth in Frameworks */ = {isa = PBXBuildFile; productRef = 5173410C28505EFC003052FB /* FirebaseAuth */; };
		5173410F28505EFC003052FB /* FirebaseDatabase in Frameworks */ = {isa = PBXBuildFile; productRef = 5173410E28505EFC003052FB /* FirebaseDatabase */; };
		5173411128505EFC003052FB /* FirebaseDatabaseSwift in Frameworks */ = {isa = PBXBuildFile; productRef = 5173411028505EFC003052FB /* FirebaseDatabaseSwift */; };
		5173411328505EFC003052FB /* FirebaseFirestore in Frameworks */ = {isa = PBXBuildFile; productRef = 5173411228505EFC003052FB /* FirebaseFirestore */; };
		5173411528505EFC003052FB /* FirebaseFirestoreSwift in Frameworks */ = {isa = PBXBuildFile; productRef = 5173411428505EFC003052FB /* FirebaseFirestoreSwift */; };
		5173411728505EFC003052FB /* FirebaseStorage in Frameworks */ = {isa = PBXBuildFile; productRef = 5173411628505EFC003052FB /* FirebaseStorage */; };
		5173411A285283D8003052FB /* MatchScoutingView.swift in Sources */ = {isa = PBXBuildFile; fileRef = 51734119285283D8003052FB /* MatchScoutingView.swift */; };
		5173411E2852868B003052FB /* PitScoutingView.swift in Sources */ = {isa = PBXBuildFile; fileRef = 5173411D2852868B003052FB /* PitScoutingView.swift */; };
		517341202852869A003052FB /* HomeView.swift in Sources */ = {isa = PBXBuildFile; fileRef = 5173411F2852869A003052FB /* HomeView.swift */; };
		51734122285286B8003052FB /* DataView.swift in Sources */ = {isa = PBXBuildFile; fileRef = 51734121285286B8003052FB /* DataView.swift */; };
		517DFBD8282867A700109B2D /* FRC_ScoutingApp.swift in Sources */ = {isa = PBXBuildFile; fileRef = 517DFBD7282867A700109B2D /* FRC_ScoutingApp.swift */; };
		517DFBDC282867AB00109B2D /* Assets.xcassets in Resources */ = {isa = PBXBuildFile; fileRef = 517DFBDB282867AB00109B2D /* Assets.xcassets */; };
		517DFBDF282867AB00109B2D /* Preview Assets.xcassets in Resources */ = {isa = PBXBuildFile; fileRef = 517DFBDE282867AB00109B2D /* Preview Assets.xcassets */; };
		517DFBE9282867AC00109B2D /* FRC_ScoutingTests.swift in Sources */ = {isa = PBXBuildFile; fileRef = 517DFBE8282867AC00109B2D /* FRC_ScoutingTests.swift */; };
		517DFBF3282867AC00109B2D /* FRC_ScoutingUITests.swift in Sources */ = {isa = PBXBuildFile; fileRef = 517DFBF2282867AC00109B2D /* FRC_ScoutingUITests.swift */; };
		517DFBF5282867AC00109B2D /* FRC_ScoutingUITestsLaunchTests.swift in Sources */ = {isa = PBXBuildFile; fileRef = 517DFBF4282867AC00109B2D /* FRC_ScoutingUITestsLaunchTests.swift */; };
		517DFC0C2828741200109B2D /* RobotSpecs.swift in Sources */ = {isa = PBXBuildFile; fileRef = 517DFC0B2828741200109B2D /* RobotSpecs.swift */; };
		517DFC0E2828742700109B2D /* RobotPerformance.swift in Sources */ = {isa = PBXBuildFile; fileRef = 517DFC0D2828742700109B2D /* RobotPerformance.swift */; };
		518ED4C728792273003B06CD /* LoginView.swift in Sources */ = {isa = PBXBuildFile; fileRef = 518ED4C628792273003B06CD /* LoginView.swift */; };
		51ED879728505875006B4771 /* ContentView.swift in Sources */ = {isa = PBXBuildFile; fileRef = 51ED879628505875006B4771 /* ContentView.swift */; };
		51ED879B28505A3A006B4771 /* GoogleService-Info.plist in Resources */ = {isa = PBXBuildFile; fileRef = 51ED879A28505A3A006B4771 /* GoogleService-Info.plist */; };
/* End PBXBuildFile section */

/* Begin PBXContainerItemProxy section */
		517DFBE5282867AC00109B2D /* PBXContainerItemProxy */ = {
			isa = PBXContainerItemProxy;
			containerPortal = 517DFBCC282867A700109B2D /* Project object */;
			proxyType = 1;
			remoteGlobalIDString = 517DFBD3282867A700109B2D;
			remoteInfo = "FRC Scouting";
		};
		517DFBEF282867AC00109B2D /* PBXContainerItemProxy */ = {
			isa = PBXContainerItemProxy;
			containerPortal = 517DFBCC282867A700109B2D /* Project object */;
			proxyType = 1;
			remoteGlobalIDString = 517DFBD3282867A700109B2D;
			remoteInfo = "FRC Scouting";
		};
/* End PBXContainerItemProxy section */

/* Begin PBXFileReference section */
		51734119285283D8003052FB /* MatchScoutingView.swift */ = {isa = PBXFileReference; lastKnownFileType = sourcecode.swift; path = MatchScoutingView.swift; sourceTree = "<group>"; };
		5173411D2852868B003052FB /* PitScoutingView.swift */ = {isa = PBXFileReference; lastKnownFileType = sourcecode.swift; path = PitScoutingView.swift; sourceTree = "<group>"; };
		5173411F2852869A003052FB /* HomeView.swift */ = {isa = PBXFileReference; lastKnownFileType = sourcecode.swift; path = HomeView.swift; sourceTree = "<group>"; };
		51734121285286B8003052FB /* DataView.swift */ = {isa = PBXFileReference; lastKnownFileType = sourcecode.swift; path = DataView.swift; sourceTree = "<group>"; };
		517DFBD4282867A700109B2D /* FRC Scouting.app */ = {isa = PBXFileReference; explicitFileType = wrapper.application; includeInIndex = 0; path = "FRC Scouting.app"; sourceTree = BUILT_PRODUCTS_DIR; };
		517DFBD7282867A700109B2D /* FRC_ScoutingApp.swift */ = {isa = PBXFileReference; lastKnownFileType = sourcecode.swift; path = FRC_ScoutingApp.swift; sourceTree = "<group>"; };
		517DFBDB282867AB00109B2D /* Assets.xcassets */ = {isa = PBXFileReference; lastKnownFileType = folder.assetcatalog; path = Assets.xcassets; sourceTree = "<group>"; };
		517DFBDE282867AB00109B2D /* Preview Assets.xcassets */ = {isa = PBXFileReference; lastKnownFileType = folder.assetcatalog; path = "Preview Assets.xcassets"; sourceTree = "<group>"; };
		517DFBE4282867AC00109B2D /* FRC ScoutingTests.xctest */ = {isa = PBXFileReference; explicitFileType = wrapper.cfbundle; includeInIndex = 0; path = "FRC ScoutingTests.xctest"; sourceTree = BUILT_PRODUCTS_DIR; };
		517DFBE8282867AC00109B2D /* FRC_ScoutingTests.swift */ = {isa = PBXFileReference; lastKnownFileType = sourcecode.swift; path = FRC_ScoutingTests.swift; sourceTree = "<group>"; };
		517DFBEE282867AC00109B2D /* FRC ScoutingUITests.xctest */ = {isa = PBXFileReference; explicitFileType = wrapper.cfbundle; includeInIndex = 0; path = "FRC ScoutingUITests.xctest"; sourceTree = BUILT_PRODUCTS_DIR; };
		517DFBF2282867AC00109B2D /* FRC_ScoutingUITests.swift */ = {isa = PBXFileReference; lastKnownFileType = sourcecode.swift; path = FRC_ScoutingUITests.swift; sourceTree = "<group>"; };
		517DFBF4282867AC00109B2D /* FRC_ScoutingUITestsLaunchTests.swift */ = {isa = PBXFileReference; lastKnownFileType = sourcecode.swift; path = FRC_ScoutingUITestsLaunchTests.swift; sourceTree = "<group>"; };
		517DFC0B2828741200109B2D /* RobotSpecs.swift */ = {isa = PBXFileReference; lastKnownFileType = sourcecode.swift; path = RobotSpecs.swift; sourceTree = "<group>"; };
		517DFC0D2828742700109B2D /* RobotPerformance.swift */ = {isa = PBXFileReference; lastKnownFileType = sourcecode.swift; path = RobotPerformance.swift; sourceTree = "<group>"; };
		518ED4C628792273003B06CD /* LoginView.swift */ = {isa = PBXFileReference; lastKnownFileType = sourcecode.swift; path = LoginView.swift; sourceTree = "<group>"; };
		51ED879628505875006B4771 /* ContentView.swift */ = {isa = PBXFileReference; lastKnownFileType = sourcecode.swift; path = ContentView.swift; sourceTree = "<group>"; };
		51ED879A28505A3A006B4771 /* GoogleService-Info.plist */ = {isa = PBXFileReference; fileEncoding = 4; lastKnownFileType = text.plist.xml; path = "GoogleService-Info.plist"; sourceTree = "<group>"; };
/* End PBXFileReference section */

/* Begin PBXFrameworksBuildPhase section */
		517DFBD1282867A700109B2D /* Frameworks */ = {
			isa = PBXFrameworksBuildPhase;
			buildActionMask = 2147483647;
			files = (
				5173411128505EFC003052FB /* FirebaseDatabaseSwift in Frameworks */,
				5173410F28505EFC003052FB /* FirebaseDatabase in Frameworks */,
				5173410B28505EFC003052FB /* FirebaseAnalytics in Frameworks */,
				5173411328505EFC003052FB /* FirebaseFirestore in Frameworks */,
				5173411728505EFC003052FB /* FirebaseStorage in Frameworks */,
				5173410D28505EFC003052FB /* FirebaseAuth in Frameworks */,
				5173411528505EFC003052FB /* FirebaseFirestoreSwift in Frameworks */,
			);
			runOnlyForDeploymentPostprocessing = 0;
		};
		517DFBE1282867AC00109B2D /* Frameworks */ = {
			isa = PBXFrameworksBuildPhase;
			buildActionMask = 2147483647;
			files = (
			);
			runOnlyForDeploymentPostprocessing = 0;
		};
		517DFBEB282867AC00109B2D /* Frameworks */ = {
			isa = PBXFrameworksBuildPhase;
			buildActionMask = 2147483647;
			files = (
			);
			runOnlyForDeploymentPostprocessing = 0;
		};
/* End PBXFrameworksBuildPhase section */

/* Begin PBXGroup section */
		51734118285283C3003052FB /* Views */ = {
			isa = PBXGroup;
			children = (
				51734119285283D8003052FB /* MatchScoutingView.swift */,
				5173411D2852868B003052FB /* PitScoutingView.swift */,
				5173411F2852869A003052FB /* HomeView.swift */,
				51734121285286B8003052FB /* DataView.swift */,
				518ED4C628792273003B06CD /* LoginView.swift */,
			);
			path = Views;
			sourceTree = "<group>";
		};
		517DFBCB282867A700109B2D = {
			isa = PBXGroup;
			children = (
				517DFBD6282867A700109B2D /* FRC Scouting */,
				517DFBE7282867AC00109B2D /* FRC ScoutingTests */,
				517DFBF1282867AC00109B2D /* FRC ScoutingUITests */,
				517DFBD5282867A700109B2D /* Products */,
			);
			sourceTree = "<group>";
		};
		517DFBD5282867A700109B2D /* Products */ = {
			isa = PBXGroup;
			children = (
				517DFBD4282867A700109B2D /* FRC Scouting.app */,
				517DFBE4282867AC00109B2D /* FRC ScoutingTests.xctest */,
				517DFBEE282867AC00109B2D /* FRC ScoutingUITests.xctest */,
			);
			name = Products;
			sourceTree = "<group>";
		};
		517DFBD6282867A700109B2D /* FRC Scouting */ = {
			isa = PBXGroup;
			children = (
				51734118285283C3003052FB /* Views */,
				51ED879628505875006B4771 /* ContentView.swift */,
				517DFC0D2828742700109B2D /* RobotPerformance.swift */,
				517DFC0B2828741200109B2D /* RobotSpecs.swift */,
				517DFBD7282867A700109B2D /* FRC_ScoutingApp.swift */,
				517DFBDB282867AB00109B2D /* Assets.xcassets */,
				51ED879A28505A3A006B4771 /* GoogleService-Info.plist */,
				517DFBDD282867AB00109B2D /* Preview Content */,
			);
			path = "FRC Scouting";
			sourceTree = "<group>";
		};
		517DFBDD282867AB00109B2D /* Preview Content */ = {
			isa = PBXGroup;
			children = (
				517DFBDE282867AB00109B2D /* Preview Assets.xcassets */,
			);
			path = "Preview Content";
			sourceTree = "<group>";
		};
		517DFBE7282867AC00109B2D /* FRC ScoutingTests */ = {
			isa = PBXGroup;
			children = (
				517DFBE8282867AC00109B2D /* FRC_ScoutingTests.swift */,
			);
			path = "FRC ScoutingTests";
			sourceTree = "<group>";
		};
		517DFBF1282867AC00109B2D /* FRC ScoutingUITests */ = {
			isa = PBXGroup;
			children = (
				517DFBF2282867AC00109B2D /* FRC_ScoutingUITests.swift */,
				517DFBF4282867AC00109B2D /* FRC_ScoutingUITestsLaunchTests.swift */,
			);
			path = "FRC ScoutingUITests";
			sourceTree = "<group>";
		};
/* End PBXGroup section */

/* Begin PBXNativeTarget section */
		517DFBD3282867A700109B2D /* FRC Scouting */ = {
			isa = PBXNativeTarget;
			buildConfigurationList = 517DFBF8282867AC00109B2D /* Build configuration list for PBXNativeTarget "FRC Scouting" */;
			buildPhases = (
				517DFBD0282867A700109B2D /* Sources */,
				517DFBD1282867A700109B2D /* Frameworks */,
				517DFBD2282867A700109B2D /* Resources */,
			);
			buildRules = (
			);
			dependencies = (
			);
			name = "FRC Scouting";
			packageProductDependencies = (
				5173410A28505EFC003052FB /* FirebaseAnalytics */,
				5173410C28505EFC003052FB /* FirebaseAuth */,
				5173410E28505EFC003052FB /* FirebaseDatabase */,
				5173411028505EFC003052FB /* FirebaseDatabaseSwift */,
				5173411228505EFC003052FB /* FirebaseFirestore */,
				5173411428505EFC003052FB /* FirebaseFirestoreSwift */,
				5173411628505EFC003052FB /* FirebaseStorage */,
			);
			productName = "FRC Scouting";
			productReference = 517DFBD4282867A700109B2D /* FRC Scouting.app */;
			productType = "com.apple.product-type.application";
		};
		517DFBE3282867AC00109B2D /* FRC ScoutingTests */ = {
			isa = PBXNativeTarget;
			buildConfigurationList = 517DFBFB282867AC00109B2D /* Build configuration list for PBXNativeTarget "FRC ScoutingTests" */;
			buildPhases = (
				517DFBE0282867AC00109B2D /* Sources */,
				517DFBE1282867AC00109B2D /* Frameworks */,
				517DFBE2282867AC00109B2D /* Resources */,
			);
			buildRules = (
			);
			dependencies = (
				517DFBE6282867AC00109B2D /* PBXTargetDependency */,
			);
			name = "FRC ScoutingTests";
			productName = "FRC ScoutingTests";
			productReference = 517DFBE4282867AC00109B2D /* FRC ScoutingTests.xctest */;
			productType = "com.apple.product-type.bundle.unit-test";
		};
		517DFBED282867AC00109B2D /* FRC ScoutingUITests */ = {
			isa = PBXNativeTarget;
			buildConfigurationList = 517DFBFE282867AC00109B2D /* Build configuration list for PBXNativeTarget "FRC ScoutingUITests" */;
			buildPhases = (
				517DFBEA282867AC00109B2D /* Sources */,
				517DFBEB282867AC00109B2D /* Frameworks */,
				517DFBEC282867AC00109B2D /* Resources */,
			);
			buildRules = (
			);
			dependencies = (
				517DFBF0282867AC00109B2D /* PBXTargetDependency */,
			);
			name = "FRC ScoutingUITests";
			productName = "FRC ScoutingUITests";
			productReference = 517DFBEE282867AC00109B2D /* FRC ScoutingUITests.xctest */;
			productType = "com.apple.product-type.bundle.ui-testing";
		};
/* End PBXNativeTarget section */

/* Begin PBXProject section */
		517DFBCC282867A700109B2D /* Project object */ = {
			isa = PBXProject;
			attributes = {
				BuildIndependentTargetsInParallel = 1;
				LastSwiftUpdateCheck = 1330;
				LastUpgradeCheck = 1330;
				TargetAttributes = {
					517DFBD3282867A700109B2D = {
						CreatedOnToolsVersion = 13.3.1;
					};
					517DFBE3282867AC00109B2D = {
						CreatedOnToolsVersion = 13.3.1;
						TestTargetID = 517DFBD3282867A700109B2D;
					};
					517DFBED282867AC00109B2D = {
						CreatedOnToolsVersion = 13.3.1;
						TestTargetID = 517DFBD3282867A700109B2D;
					};
				};
			};
			buildConfigurationList = 517DFBCF282867A700109B2D /* Build configuration list for PBXProject "FRC Scouting" */;
			compatibilityVersion = "Xcode 13.0";
			developmentRegion = en;
			hasScannedForEncodings = 0;
			knownRegions = (
				en,
				Base,
			);
			mainGroup = 517DFBCB282867A700109B2D;
			packageReferences = (
				5173410928505EFB003052FB /* XCRemoteSwiftPackageReference "firebase-ios-sdk" */,
			);
			productRefGroup = 517DFBD5282867A700109B2D /* Products */;
			projectDirPath = "";
			projectRoot = "";
			targets = (
				517DFBD3282867A700109B2D /* FRC Scouting */,
				517DFBE3282867AC00109B2D /* FRC ScoutingTests */,
				517DFBED282867AC00109B2D /* FRC ScoutingUITests */,
			);
		};
/* End PBXProject section */

/* Begin PBXResourcesBuildPhase section */
		517DFBD2282867A700109B2D /* Resources */ = {
			isa = PBXResourcesBuildPhase;
			buildActionMask = 2147483647;
			files = (
				517DFBDF282867AB00109B2D /* Preview Assets.xcassets in Resources */,
				517DFBDC282867AB00109B2D /* Assets.xcassets in Resources */,
				51ED879B28505A3A006B4771 /* GoogleService-Info.plist in Resources */,
			);
			runOnlyForDeploymentPostprocessing = 0;
		};
		517DFBE2282867AC00109B2D /* Resources */ = {
			isa = PBXResourcesBuildPhase;
			buildActionMask = 2147483647;
			files = (
			);
			runOnlyForDeploymentPostprocessing = 0;
		};
		517DFBEC282867AC00109B2D /* Resources */ = {
			isa = PBXResourcesBuildPhase;
			buildActionMask = 2147483647;
			files = (
			);
			runOnlyForDeploymentPostprocessing = 0;
		};
/* End PBXResourcesBuildPhase section */

/* Begin PBXSourcesBuildPhase section */
		517DFBD0282867A700109B2D /* Sources */ = {
			isa = PBXSourcesBuildPhase;
			buildActionMask = 2147483647;
			files = (
				51734122285286B8003052FB /* DataView.swift in Sources */,
				517DFC0E2828742700109B2D /* RobotPerformance.swift in Sources */,
				5173411A285283D8003052FB /* MatchScoutingView.swift in Sources */,
				518ED4C728792273003B06CD /* LoginView.swift in Sources */,
				5173411E2852868B003052FB /* PitScoutingView.swift in Sources */,
				517DFBD8282867A700109B2D /* FRC_ScoutingApp.swift in Sources */,
				517341202852869A003052FB /* HomeView.swift in Sources */,
				51ED879728505875006B4771 /* ContentView.swift in Sources */,
				517DFC0C2828741200109B2D /* RobotSpecs.swift in Sources */,
			);
			runOnlyForDeploymentPostprocessing = 0;
		};
		517DFBE0282867AC00109B2D /* Sources */ = {
			isa = PBXSourcesBuildPhase;
			buildActionMask = 2147483647;
			files = (
				517DFBE9282867AC00109B2D /* FRC_ScoutingTests.swift in Sources */,
			);
			runOnlyForDeploymentPostprocessing = 0;
		};
		517DFBEA282867AC00109B2D /* Sources */ = {
			isa = PBXSourcesBuildPhase;
			buildActionMask = 2147483647;
			files = (
				517DFBF5282867AC00109B2D /* FRC_ScoutingUITestsLaunchTests.swift in Sources */,
				517DFBF3282867AC00109B2D /* FRC_ScoutingUITests.swift in Sources */,
			);
			runOnlyForDeploymentPostprocessing = 0;
		};
/* End PBXSourcesBuildPhase section */

/* Begin PBXTargetDependency section */
		517DFBE6282867AC00109B2D /* PBXTargetDependency */ = {
			isa = PBXTargetDependency;
			target = 517DFBD3282867A700109B2D /* FRC Scouting */;
			targetProxy = 517DFBE5282867AC00109B2D /* PBXContainerItemProxy */;
		};
		517DFBF0282867AC00109B2D /* PBXTargetDependency */ = {
			isa = PBXTargetDependency;
			target = 517DFBD3282867A700109B2D /* FRC Scouting */;
			targetProxy = 517DFBEF282867AC00109B2D /* PBXContainerItemProxy */;
		};
/* End PBXTargetDependency section */

/* Begin XCBuildConfiguration section */
		517DFBF6282867AC00109B2D /* Debug */ = {
			isa = XCBuildConfiguration;
			buildSettings = {
				ALWAYS_SEARCH_USER_PATHS = NO;
				CLANG_ANALYZER_NONNULL = YES;
				CLANG_ANALYZER_NUMBER_OBJECT_CONVERSION = YES_AGGRESSIVE;
				CLANG_CXX_LANGUAGE_STANDARD = "gnu++17";
				CLANG_ENABLE_MODULES = YES;
				CLANG_ENABLE_OBJC_ARC = YES;
				CLANG_ENABLE_OBJC_WEAK = YES;
				CLANG_WARN_BLOCK_CAPTURE_AUTORELEASING = YES;
				CLANG_WARN_BOOL_CONVERSION = YES;
				CLANG_WARN_COMMA = YES;
				CLANG_WARN_CONSTANT_CONVERSION = YES;
				CLANG_WARN_DEPRECATED_OBJC_IMPLEMENTATIONS = YES;
				CLANG_WARN_DIRECT_OBJC_ISA_USAGE = YES_ERROR;
				CLANG_WARN_DOCUMENTATION_COMMENTS = YES;
				CLANG_WARN_EMPTY_BODY = YES;
				CLANG_WARN_ENUM_CONVERSION = YES;
				CLANG_WARN_INFINITE_RECURSION = YES;
				CLANG_WARN_INT_CONVERSION = YES;
				CLANG_WARN_NON_LITERAL_NULL_CONVERSION = YES;
				CLANG_WARN_OBJC_IMPLICIT_RETAIN_SELF = YES;
				CLANG_WARN_OBJC_LITERAL_CONVERSION = YES;
				CLANG_WARN_OBJC_ROOT_CLASS = YES_ERROR;
				CLANG_WARN_QUOTED_INCLUDE_IN_FRAMEWORK_HEADER = YES;
				CLANG_WARN_RANGE_LOOP_ANALYSIS = YES;
				CLANG_WARN_STRICT_PROTOTYPES = YES;
				CLANG_WARN_SUSPICIOUS_MOVE = YES;
				CLANG_WARN_UNGUARDED_AVAILABILITY = YES_AGGRESSIVE;
				CLANG_WARN_UNREACHABLE_CODE = YES;
				CLANG_WARN__DUPLICATE_METHOD_MATCH = YES;
				COPY_PHASE_STRIP = NO;
				DEBUG_INFORMATION_FORMAT = dwarf;
				ENABLE_STRICT_OBJC_MSGSEND = YES;
				ENABLE_TESTABILITY = YES;
				GCC_C_LANGUAGE_STANDARD = gnu11;
				GCC_DYNAMIC_NO_PIC = NO;
				GCC_NO_COMMON_BLOCKS = YES;
				GCC_OPTIMIZATION_LEVEL = 0;
				GCC_PREPROCESSOR_DEFINITIONS = (
					"DEBUG=1",
					"$(inherited)",
				);
				GCC_WARN_64_TO_32_BIT_CONVERSION = YES;
				GCC_WARN_ABOUT_RETURN_TYPE = YES_ERROR;
				GCC_WARN_UNDECLARED_SELECTOR = YES;
				GCC_WARN_UNINITIALIZED_AUTOS = YES_AGGRESSIVE;
				GCC_WARN_UNUSED_FUNCTION = YES;
				GCC_WARN_UNUSED_VARIABLE = YES;
				IPHONEOS_DEPLOYMENT_TARGET = 15.4;
				MTL_ENABLE_DEBUG_INFO = INCLUDE_SOURCE;
				MTL_FAST_MATH = YES;
				ONLY_ACTIVE_ARCH = YES;
				SDKROOT = iphoneos;
				SWIFT_ACTIVE_COMPILATION_CONDITIONS = DEBUG;
				SWIFT_OPTIMIZATION_LEVEL = "-Onone";
			};
			name = Debug;
		};
		517DFBF7282867AC00109B2D /* Release */ = {
			isa = XCBuildConfiguration;
			buildSettings = {
				ALWAYS_SEARCH_USER_PATHS = NO;
				CLANG_ANALYZER_NONNULL = YES;
				CLANG_ANALYZER_NUMBER_OBJECT_CONVERSION = YES_AGGRESSIVE;
				CLANG_CXX_LANGUAGE_STANDARD = "gnu++17";
				CLANG_ENABLE_MODULES = YES;
				CLANG_ENABLE_OBJC_ARC = YES;
				CLANG_ENABLE_OBJC_WEAK = YES;
				CLANG_WARN_BLOCK_CAPTURE_AUTORELEASING = YES;
				CLANG_WARN_BOOL_CONVERSION = YES;
				CLANG_WARN_COMMA = YES;
				CLANG_WARN_CONSTANT_CONVERSION = YES;
				CLANG_WARN_DEPRECATED_OBJC_IMPLEMENTATIONS = YES;
				CLANG_WARN_DIRECT_OBJC_ISA_USAGE = YES_ERROR;
				CLANG_WARN_DOCUMENTATION_COMMENTS = YES;
				CLANG_WARN_EMPTY_BODY = YES;
				CLANG_WARN_ENUM_CONVERSION = YES;
				CLANG_WARN_INFINITE_RECURSION = YES;
				CLANG_WARN_INT_CONVERSION = YES;
				CLANG_WARN_NON_LITERAL_NULL_CONVERSION = YES;
				CLANG_WARN_OBJC_IMPLICIT_RETAIN_SELF = YES;
				CLANG_WARN_OBJC_LITERAL_CONVERSION = YES;
				CLANG_WARN_OBJC_ROOT_CLASS = YES_ERROR;
				CLANG_WARN_QUOTED_INCLUDE_IN_FRAMEWORK_HEADER = YES;
				CLANG_WARN_RANGE_LOOP_ANALYSIS = YES;
				CLANG_WARN_STRICT_PROTOTYPES = YES;
				CLANG_WARN_SUSPICIOUS_MOVE = YES;
				CLANG_WARN_UNGUARDED_AVAILABILITY = YES_AGGRESSIVE;
				CLANG_WARN_UNREACHABLE_CODE = YES;
				CLANG_WARN__DUPLICATE_METHOD_MATCH = YES;
				COPY_PHASE_STRIP = NO;
				DEBUG_INFORMATION_FORMAT = "dwarf-with-dsym";
				ENABLE_NS_ASSERTIONS = NO;
				ENABLE_STRICT_OBJC_MSGSEND = YES;
				GCC_C_LANGUAGE_STANDARD = gnu11;
				GCC_NO_COMMON_BLOCKS = YES;
				GCC_WARN_64_TO_32_BIT_CONVERSION = YES;
				GCC_WARN_ABOUT_RETURN_TYPE = YES_ERROR;
				GCC_WARN_UNDECLARED_SELECTOR = YES;
				GCC_WARN_UNINITIALIZED_AUTOS = YES_AGGRESSIVE;
				GCC_WARN_UNUSED_FUNCTION = YES;
				GCC_WARN_UNUSED_VARIABLE = YES;
				IPHONEOS_DEPLOYMENT_TARGET = 15.4;
				MTL_ENABLE_DEBUG_INFO = NO;
				MTL_FAST_MATH = YES;
				SDKROOT = iphoneos;
				SWIFT_COMPILATION_MODE = wholemodule;
				SWIFT_OPTIMIZATION_LEVEL = "-O";
				VALIDATE_PRODUCT = YES;
			};
			name = Release;
		};
		517DFBF9282867AC00109B2D /* Debug */ = {
			isa = XCBuildConfiguration;
			buildSettings = {
				ASSETCATALOG_COMPILER_APPICON_NAME = AppIcon;
				ASSETCATALOG_COMPILER_GLOBAL_ACCENT_COLOR_NAME = AccentColor;
				CODE_SIGN_STYLE = Automatic;
				CURRENT_PROJECT_VERSION = 1;
				DEVELOPMENT_ASSET_PATHS = "\"FRC Scouting/Preview Content\"";
				DEVELOPMENT_TEAM = JD5MAXWC3D;
				ENABLE_PREVIEWS = YES;
				GENERATE_INFOPLIST_FILE = YES;
				INFOPLIST_KEY_UIApplicationSceneManifest_Generation = YES;
				INFOPLIST_KEY_UIApplicationSupportsIndirectInputEvents = YES;
				INFOPLIST_KEY_UILaunchScreen_Generation = YES;
				INFOPLIST_KEY_UISupportedInterfaceOrientations = UIInterfaceOrientationPortrait;
				INFOPLIST_KEY_UISupportedInterfaceOrientations_iPad = "UIInterfaceOrientationPortrait UIInterfaceOrientationPortraitUpsideDown UIInterfaceOrientationLandscapeLeft UIInterfaceOrientationLandscapeRight";
				INFOPLIST_KEY_UISupportedInterfaceOrientations_iPhone = "UIInterfaceOrientationPortrait UIInterfaceOrientationLandscapeLeft UIInterfaceOrientationLandscapeRight";
				LD_RUNPATH_SEARCH_PATHS = (
					"$(inherited)",
					"@executable_path/Frameworks",
				);
				MARKETING_VERSION = 1.0;
				PRODUCT_BUNDLE_IDENTIFIER = "Evan-Jordan.FRC-Scouting";
				PRODUCT_NAME = "$(TARGET_NAME)";
				SWIFT_EMIT_LOC_STRINGS = YES;
				SWIFT_VERSION = 5.0;
				TARGETED_DEVICE_FAMILY = "1,2";
				h = "";
				j = "";
			};
			name = Debug;
		};
		517DFBFA282867AC00109B2D /* Release */ = {
			isa = XCBuildConfiguration;
			buildSettings = {
				ASSETCATALOG_COMPILER_APPICON_NAME = AppIcon;
				ASSETCATALOG_COMPILER_GLOBAL_ACCENT_COLOR_NAME = AccentColor;
				CODE_SIGN_STYLE = Automatic;
				CURRENT_PROJECT_VERSION = 1;
				DEVELOPMENT_ASSET_PATHS = "\"FRC Scouting/Preview Content\"";
				DEVELOPMENT_TEAM = JD5MAXWC3D;
				ENABLE_PREVIEWS = YES;
				GENERATE_INFOPLIST_FILE = YES;
				INFOPLIST_KEY_UIApplicationSceneManifest_Generation = YES;
				INFOPLIST_KEY_UIApplicationSupportsIndirectInputEvents = YES;
				INFOPLIST_KEY_UILaunchScreen_Generation = YES;
				INFOPLIST_KEY_UISupportedInterfaceOrientations = UIInterfaceOrientationPortrait;
				INFOPLIST_KEY_UISupportedInterfaceOrientations_iPad = "UIInterfaceOrientationPortrait UIInterfaceOrientationPortraitUpsideDown UIInterfaceOrientationLandscapeLeft UIInterfaceOrientationLandscapeRight";
				INFOPLIST_KEY_UISupportedInterfaceOrientations_iPhone = "UIInterfaceOrientationPortrait UIInterfaceOrientationLandscapeLeft UIInterfaceOrientationLandscapeRight";
				LD_RUNPATH_SEARCH_PATHS = (
					"$(inherited)",
					"@executable_path/Frameworks",
				);
				MARKETING_VERSION = 1.0;
				PRODUCT_BUNDLE_IDENTIFIER = "Evan-Jordan.FRC-Scouting";
				PRODUCT_NAME = "$(TARGET_NAME)";
				SWIFT_EMIT_LOC_STRINGS = YES;
				SWIFT_VERSION = 5.0;
				TARGETED_DEVICE_FAMILY = "1,2";
				h = "";
				j = "";
			};
			name = Release;
		};
		517DFBFC282867AC00109B2D /* Debug */ = {
			isa = XCBuildConfiguration;
			buildSettings = {
				ALWAYS_EMBED_SWIFT_STANDARD_LIBRARIES = YES;
				BUNDLE_LOADER = "$(TEST_HOST)";
				CODE_SIGN_STYLE = Automatic;
				CURRENT_PROJECT_VERSION = 1;
				GENERATE_INFOPLIST_FILE = YES;
				IPHONEOS_DEPLOYMENT_TARGET = 15.4;
				MARKETING_VERSION = 1.0;
				PRODUCT_BUNDLE_IDENTIFIER = "Evan-Jordan.FRC-ScoutingTests";
				PRODUCT_NAME = "$(TARGET_NAME)";
				SWIFT_EMIT_LOC_STRINGS = NO;
				SWIFT_VERSION = 5.0;
				TARGETED_DEVICE_FAMILY = "1,2";
				TEST_HOST = "$(BUILT_PRODUCTS_DIR)/FRC Scouting.app/FRC Scouting";
			};
			name = Debug;
		};
		517DFBFD282867AC00109B2D /* Release */ = {
			isa = XCBuildConfiguration;
			buildSettings = {
				ALWAYS_EMBED_SWIFT_STANDARD_LIBRARIES = YES;
				BUNDLE_LOADER = "$(TEST_HOST)";
				CODE_SIGN_STYLE = Automatic;
				CURRENT_PROJECT_VERSION = 1;
				GENERATE_INFOPLIST_FILE = YES;
				IPHONEOS_DEPLOYMENT_TARGET = 15.4;
				MARKETING_VERSION = 1.0;
				PRODUCT_BUNDLE_IDENTIFIER = "Evan-Jordan.FRC-ScoutingTests";
				PRODUCT_NAME = "$(TARGET_NAME)";
				SWIFT_EMIT_LOC_STRINGS = NO;
				SWIFT_VERSION = 5.0;
				TARGETED_DEVICE_FAMILY = "1,2";
				TEST_HOST = "$(BUILT_PRODUCTS_DIR)/FRC Scouting.app/FRC Scouting";
			};
			name = Release;
		};
		517DFBFF282867AC00109B2D /* Debug */ = {
			isa = XCBuildConfiguration;
			buildSettings = {
				ALWAYS_EMBED_SWIFT_STANDARD_LIBRARIES = YES;
				CODE_SIGN_STYLE = Automatic;
				CURRENT_PROJECT_VERSION = 1;
				GENERATE_INFOPLIST_FILE = YES;
				MARKETING_VERSION = 1.0;
				PRODUCT_BUNDLE_IDENTIFIER = "Evan-Jordan.FRC-ScoutingUITests";
				PRODUCT_NAME = "$(TARGET_NAME)";
				SWIFT_EMIT_LOC_STRINGS = NO;
				SWIFT_VERSION = 5.0;
				TARGETED_DEVICE_FAMILY = "1,2";
				TEST_TARGET_NAME = "FRC Scouting";
			};
			name = Debug;
		};
		517DFC00282867AC00109B2D /* Release */ = {
			isa = XCBuildConfiguration;
			buildSettings = {
				ALWAYS_EMBED_SWIFT_STANDARD_LIBRARIES = YES;
				CODE_SIGN_STYLE = Automatic;
				CURRENT_PROJECT_VERSION = 1;
				GENERATE_INFOPLIST_FILE = YES;
				MARKETING_VERSION = 1.0;
				PRODUCT_BUNDLE_IDENTIFIER = "Evan-Jordan.FRC-ScoutingUITests";
				PRODUCT_NAME = "$(TARGET_NAME)";
				SWIFT_EMIT_LOC_STRINGS = NO;
				SWIFT_VERSION = 5.0;
				TARGETED_DEVICE_FAMILY = "1,2";
				TEST_TARGET_NAME = "FRC Scouting";
			};
			name = Release;
		};
/* End XCBuildConfiguration section */

/* Begin XCConfigurationList section */
		517DFBCF282867A700109B2D /* Build configuration list for PBXProject "FRC Scouting" */ = {
			isa = XCConfigurationList;
			buildConfigurations = (
				517DFBF6282867AC00109B2D /* Debug */,
				517DFBF7282867AC00109B2D /* Release */,
			);
			defaultConfigurationIsVisible = 0;
			defaultConfigurationName = Release;
		};
		517DFBF8282867AC00109B2D /* Build configuration list for PBXNativeTarget "FRC Scouting" */ = {
			isa = XCConfigurationList;
			buildConfigurations = (
				517DFBF9282867AC00109B2D /* Debug */,
				517DFBFA282867AC00109B2D /* Release */,
			);
			defaultConfigurationIsVisible = 0;
			defaultConfigurationName = Release;
		};
		517DFBFB282867AC00109B2D /* Build configuration list for PBXNativeTarget "FRC ScoutingTests" */ = {
			isa = XCConfigurationList;
			buildConfigurations = (
				517DFBFC282867AC00109B2D /* Debug */,
				517DFBFD282867AC00109B2D /* Release */,
			);
			defaultConfigurationIsVisible = 0;
			defaultConfigurationName = Release;
		};
		517DFBFE282867AC00109B2D /* Build configuration list for PBXNativeTarget "FRC ScoutingUITests" */ = {
			isa = XCConfigurationList;
			buildConfigurations = (
				517DFBFF282867AC00109B2D /* Debug */,
				517DFC00282867AC00109B2D /* Release */,
			);
			defaultConfigurationIsVisible = 0;
			defaultConfigurationName = Release;
		};
/* End XCConfigurationList section */

/* Begin XCRemoteSwiftPackageReference section */
		5173410928505EFB003052FB /* XCRemoteSwiftPackageReference "firebase-ios-sdk" */ = {
			isa = XCRemoteSwiftPackageReference;
			repositoryURL = "https://github.com/firebase/firebase-ios-sdk";
			requirement = {
				kind = upToNextMajorVersion;
				minimumVersion = 9.0.0;
			};
		};
/* End XCRemoteSwiftPackageReference section */

/* Begin XCSwiftPackageProductDependency section */
		5173410A28505EFC003052FB /* FirebaseAnalytics */ = {
			isa = XCSwiftPackageProductDependency;
			package = 5173410928505EFB003052FB /* XCRemoteSwiftPackageReference "firebase-ios-sdk" */;
			productName = FirebaseAnalytics;
		};
		5173410C28505EFC003052FB /* FirebaseAuth */ = {
			isa = XCSwiftPackageProductDependency;
			package = 5173410928505EFB003052FB /* XCRemoteSwiftPackageReference "firebase-ios-sdk" */;
			productName = FirebaseAuth;
		};
		5173410E28505EFC003052FB /* FirebaseDatabase */ = {
			isa = XCSwiftPackageProductDependency;
			package = 5173410928505EFB003052FB /* XCRemoteSwiftPackageReference "firebase-ios-sdk" */;
			productName = FirebaseDatabase;
		};
		5173411028505EFC003052FB /* FirebaseDatabaseSwift */ = {
			isa = XCSwiftPackageProductDependency;
			package = 5173410928505EFB003052FB /* XCRemoteSwiftPackageReference "firebase-ios-sdk" */;
			productName = FirebaseDatabaseSwift;
		};
		5173411228505EFC003052FB /* FirebaseFirestore */ = {
			isa = XCSwiftPackageProductDependency;
			package = 5173410928505EFB003052FB /* XCRemoteSwiftPackageReference "firebase-ios-sdk" */;
			productName = FirebaseFirestore;
		};
		5173411428505EFC003052FB /* FirebaseFirestoreSwift */ = {
			isa = XCSwiftPackageProductDependency;
			package = 5173410928505EFB003052FB /* XCRemoteSwiftPackageReference "firebase-ios-sdk" */;
			productName = FirebaseFirestoreSwift;
		};
		5173411628505EFC003052FB /* FirebaseStorage */ = {
			isa = XCSwiftPackageProductDependency;
			package = 5173410928505EFB003052FB /* XCRemoteSwiftPackageReference "firebase-ios-sdk" */;
			productName = FirebaseStorage;
		};
/* End XCSwiftPackageProductDependency section */
	};
	rootObject = 517DFBCC282867A700109B2D /* Project object */;
}
